
Microsoft Visual Studio Solution File, Format Version 12.00
# Visual Studio Version 17
VisualStudioVersion = 17.6.33801.468
MinimumVisualStudioVersion = 10.0.40219.1
Project("{9A19103F-16F7-4668-BE54-9A1E7A4F7556}") = "WebApi", "WebApi\WebApi.csproj", "{293CC801-D5CC-4183-A13C-0E6E8506FAC0}"
EndProject
Project("{9A19103F-16F7-4668-BE54-9A1E7A4F7556}") = "Entities", "Entities\Entities.csproj", "{BDA1E9C0-7C42-4B1A-9FFF-0FF1CA926FBC}"
EndProject
Project("{9A19103F-16F7-4668-BE54-9A1E7A4F7556}") = "Repositories", "Repositories\Repositories.csproj", "{DDC13AAD-D8EB-44C0-9A1A-0D2B3AB1563B}"
EndProject
Project("{9A19103F-16F7-4668-BE54-9A1E7A4F7556}") = "Services", "Services\Services.csproj", "{68B7B05E-1EA8-428A-9A87-FDDC28639612}"
EndProject
Project("{FAE04EC0-301F-11D3-BF4B-00C04F79EFBC}") = "Presentation", "Presentation\Presentation.csproj", "{ECA50A07-C657-4900-83C5-BB4699214C11}"
EndProject
Global
	GlobalSection(SolutionConfigurationPlatforms) = preSolution
		Debug|Any CPU = Debug|Any CPU
		Release|Any CPU = Release|Any CPU
	EndGlobalSection
	GlobalSection(ProjectConfigurationPlatforms) = postSolution
		{293CC801-D5CC-4183-A13C-0E6E8506FAC0}.Debug|Any CPU.ActiveCfg = Debug|Any CPU
		{293CC801-D5CC-4183-A13C-0E6E8506FAC0}.Debug|Any CPU.Build.0 = Debug|Any CPU
		{293CC801-D5CC-4183-A13C-0E6E8506FAC0}.Release|Any CPU.ActiveCfg = Release|Any CPU
		{293CC801-D5CC-4183-A13C-0E6E8506FAC0}.Release|Any CPU.Build.0 = Release|Any CPU
		{BDA1E9C0-7C42-4B1A-9FFF-0FF1CA926FBC}.Debug|Any CPU.ActiveCfg = Debug|Any CPU
		{BDA1E9C0-7C42-4B1A-9FFF-0FF1CA926FBC}.Debug|Any CPU.Build.0 = Debug|Any CPU
		{BDA1E9C0-7C42-4B1A-9FFF-0FF1CA926FBC}.Release|Any CPU.ActiveCfg = Release|Any CPU
		{BDA1E9C0-7C42-4B1A-9FFF-0FF1CA926FBC}.Release|Any CPU.Build.0 = Release|Any CPU
		{DDC13AAD-D8EB-44C0-9A1A-0D2B3AB1563B}.Debug|Any CPU.ActiveCfg = Debug|Any CPU
		{DDC13AAD-D8EB-44C0-9A1A-0D2B3AB1563B}.Debug|Any CPU.Build.0 = Debug|Any CPU
		{DDC13AAD-D8EB-44C0-9A1A-0D2B3AB1563B}.Release|Any CPU.ActiveCfg = Release|Any CPU
		{DDC13AAD-D8EB-44C0-9A1A-0D2B3AB1563B}.Release|Any CPU.Build.0 = Release|Any CPU
		{68B7B05E-1EA8-428A-9A87-FDDC28639612}.Debug|Any CPU.ActiveCfg = Debug|Any CPU
		{68B7B05E-1EA8-428A-9A87-FDDC28639612}.Debug|Any CPU.Build.0 = Debug|Any CPU
		{68B7B05E-1EA8-428A-9A87-FDDC28639612}.Release|Any CPU.ActiveCfg = Release|Any CPU
		{68B7B05E-1EA8-428A-9A87-FDDC28639612}.Release|Any CPU.Build.0 = Release|Any CPU
		{ECA50A07-C657-4900-83C5-BB4699214C11}.Debug|Any CPU.ActiveCfg = Debug|Any CPU
		{ECA50A07-C657-4900-83C5-BB4699214C11}.Debug|Any CPU.Build.0 = Debug|Any CPU
		{ECA50A07-C657-4900-83C5-BB4699214C11}.Release|Any CPU.ActiveCfg = Release|Any CPU
		{ECA50A07-C657-4900-83C5-BB4699214C11}.Release|Any CPU.Build.0 = Release|Any CPU
	EndGlobalSection
	GlobalSection(SolutionProperties) = preSolution
		HideSolutionNode = FALSE
	EndGlobalSection
	GlobalSection(ExtensibilityGlobals) = postSolution
		SolutionGuid = {BEFD2A36-4F4D-407F-BAD4-4A75FA5FB70A}
	EndGlobalSection
EndGlobal
